
Microsoft Visual Studio Solution File, Format Version 12.00
# Visual Studio Version 17
VisualStudioVersion = 17.0.32014.148
MinimumVisualStudioVersion = 10.0.40219.1
Project("{9A19103F-16F7-4668-BE54-9A1E7A4F7556}") = "Web", "Web\Web.csproj", "{20459E64-CD48-47B9-B049-694E887F54CC}"
EndProject
Project("{9A19103F-16F7-4668-BE54-9A1E7A4F7556}") = "Domain", "Domain\Domain.csproj", "{C8D0B83F-ABF2-469C-8605-114C9822F493}"
EndProject
Project("{9A19103F-16F7-4668-BE54-9A1E7A4F7556}") = "Domain.UnitTests", "Domain.UnitTests\Domain.UnitTests.csproj", "{6527D818-7A26-415D-BFBC-A0E2903F055F}"
EndProject
Project("{2150E333-8FDC-42A3-9474-1A3956D46DE8}") = "tests", "tests", "{4E302E32-DC9E-4496-A1EA-5DA9AE84EE57}"
EndProject
Project("{9A19103F-16F7-4668-BE54-9A1E7A4F7556}") = "Infrastructure", "Infrastructure\Infrastructure.csproj", "{BB7A83AE-6BC7-4D5A-A51C-DD3C18B5C8EA}"
EndProject
Project("{9A19103F-16F7-4668-BE54-9A1E7A4F7556}") = "UseCase", "Usecase\UseCase.csproj", "{B3EEA25A-F5B0-4B70-9C78-C5138802AE1F}"
EndProject
Project("{2150E333-8FDC-42A3-9474-1A3956D46DE8}") = "resources", "resources", "{A29B4B81-B75A-4D2E-844C-FE501AEA7C69}"
	ProjectSection(SolutionItems) = preProject
		Resources\metervalues.json = Resources\metervalues.json
	EndProjectSection
EndProject
Global
	GlobalSection(SolutionConfigurationPlatforms) = preSolution
		Debug|Any CPU = Debug|Any CPU
		Release|Any CPU = Release|Any CPU
	EndGlobalSection
	GlobalSection(ProjectConfigurationPlatforms) = postSolution
		{20459E64-CD48-47B9-B049-694E887F54CC}.Debug|Any CPU.ActiveCfg = Debug|Any CPU
		{20459E64-CD48-47B9-B049-694E887F54CC}.Debug|Any CPU.Build.0 = Debug|Any CPU
		{20459E64-CD48-47B9-B049-694E887F54CC}.Release|Any CPU.ActiveCfg = Release|Any CPU
		{20459E64-CD48-47B9-B049-694E887F54CC}.Release|Any CPU.Build.0 = Release|Any CPU
		{C8D0B83F-ABF2-469C-8605-114C9822F493}.Debug|Any CPU.ActiveCfg = Debug|Any CPU
		{C8D0B83F-ABF2-469C-8605-114C9822F493}.Debug|Any CPU.Build.0 = Debug|Any CPU
		{C8D0B83F-ABF2-469C-8605-114C9822F493}.Release|Any CPU.ActiveCfg = Release|Any CPU
		{C8D0B83F-ABF2-469C-8605-114C9822F493}.Release|Any CPU.Build.0 = Release|Any CPU
		{6527D818-7A26-415D-BFBC-A0E2903F055F}.Debug|Any CPU.ActiveCfg = Debug|Any CPU
		{6527D818-7A26-415D-BFBC-A0E2903F055F}.Debug|Any CPU.Build.0 = Debug|Any CPU
		{6527D818-7A26-415D-BFBC-A0E2903F055F}.Release|Any CPU.ActiveCfg = Release|Any CPU
		{6527D818-7A26-415D-BFBC-A0E2903F055F}.Release|Any CPU.Build.0 = Release|Any CPU
		{BB7A83AE-6BC7-4D5A-A51C-DD3C18B5C8EA}.Debug|Any CPU.ActiveCfg = Debug|Any CPU
		{BB7A83AE-6BC7-4D5A-A51C-DD3C18B5C8EA}.Debug|Any CPU.Build.0 = Debug|Any CPU
		{BB7A83AE-6BC7-4D5A-A51C-DD3C18B5C8EA}.Release|Any CPU.ActiveCfg = Release|Any CPU
		{BB7A83AE-6BC7-4D5A-A51C-DD3C18B5C8EA}.Release|Any CPU.Build.0 = Release|Any CPU
		{B3EEA25A-F5B0-4B70-9C78-C5138802AE1F}.Debug|Any CPU.ActiveCfg = Debug|Any CPU
		{B3EEA25A-F5B0-4B70-9C78-C5138802AE1F}.Debug|Any CPU.Build.0 = Debug|Any CPU
		{B3EEA25A-F5B0-4B70-9C78-C5138802AE1F}.Release|Any CPU.ActiveCfg = Release|Any CPU
		{B3EEA25A-F5B0-4B70-9C78-C5138802AE1F}.Release|Any CPU.Build.0 = Release|Any CPU
	EndGlobalSection
	GlobalSection(SolutionProperties) = preSolution
		HideSolutionNode = FALSE
	EndGlobalSection
	GlobalSection(NestedProjects) = preSolution
		{6527D818-7A26-415D-BFBC-A0E2903F055F} = {4E302E32-DC9E-4496-A1EA-5DA9AE84EE57}
	EndGlobalSection
	GlobalSection(ExtensibilityGlobals) = postSolution
		SolutionGuid = {9D642438-2545-4BB3-B419-9DF25FD1E83D}
	EndGlobalSection
EndGlobal
